
Microsoft Visual Studio Solution File, Format Version 12.00
# Visual Studio Version 17
VisualStudioVersion = 17.0.31903.59
MinimumVisualStudioVersion = 10.0.40219.1
Project("{2150E333-8FDC-42A3-9474-1A3956D46DE8}") = "tests", "tests", "{1189DBBF-08FE-44B9-A34B-CAE9ED74D449}"
EndProject
Project("{FAE04EC0-301F-11D3-BF4B-00C04F79EFBC}") = "Kalma.Domain.Tests", "tests\Kalma.Domain.Tests\Kalma.Domain.Tests.csproj", "{313357CA-068E-4568-B2A7-AF7D0C7D423A}"
EndProject
Project("{2150E333-8FDC-42A3-9474-1A3956D46DE8}") = "src", "src", "{D167524E-60DB-4000-8F17-0101D4FE667B}"
EndProject
Project("{FAE04EC0-301F-11D3-BF4B-00C04F79EFBC}") = "Kalma.Domain", "src\Kalma.Domain\Kalma.Domain.csproj", "{CA146D5C-3B07-40F4-B754-C8E727B1709F}"
EndProject
Project("{FAE04EC0-301F-11D3-BF4B-00C04F79EFBC}") = "Kalma.Application", "src\Kalma.Application\Kalma.Application.csproj", "{E6991F0F-F559-4E25-A7D7-08C704EFF248}"
EndProject
Project("{FAE04EC0-301F-11D3-BF4B-00C04F79EFBC}") = "Kalma.Infrastructure", "src\Kalma.Infrastructure\Kalma.Infrastructure.csproj", "{8145B981-4CC6-440B-8695-78A673CBC345}"
EndProject
Project("{FAE04EC0-301F-11D3-BF4B-00C04F79EFBC}") = "Kalma.Api", "src\Kalma.Api\Kalma.Api.csproj", "{54B170C8-1755-42E5-8C47-FC40940136CF}"
EndProject
Project("{FAE04EC0-301F-11D3-BF4B-00C04F79EFBC}") = "Kalma.Application.Tests", "tests\Kalma.Application.Tests\Kalma.Application.Tests.csproj", "{828E48F4-F164-4787-A3E3-C3C154FB0269}"
EndProject
Project("{FAE04EC0-301F-11D3-BF4B-00C04F79EFBC}") = "Kalma.Infrastructure.IntegrationTests", "tests\Kalma.Infrastructure.IntegrationTests\Kalma.Infrastructure.IntegrationTests.csproj", "{16416300-FFFC-435E-978C-0B2675736D6A}"
EndProject
Global
	GlobalSection(SolutionConfigurationPlatforms) = preSolution
		Debug|Any CPU = Debug|Any CPU
		Release|Any CPU = Release|Any CPU
	EndGlobalSection
	GlobalSection(SolutionProperties) = preSolution
		HideSolutionNode = FALSE
	EndGlobalSection
	GlobalSection(ProjectConfigurationPlatforms) = postSolution
		{313357CA-068E-4568-B2A7-AF7D0C7D423A}.Debug|Any CPU.ActiveCfg = Debug|Any CPU
		{313357CA-068E-4568-B2A7-AF7D0C7D423A}.Debug|Any CPU.Build.0 = Debug|Any CPU
		{313357CA-068E-4568-B2A7-AF7D0C7D423A}.Release|Any CPU.ActiveCfg = Release|Any CPU
		{313357CA-068E-4568-B2A7-AF7D0C7D423A}.Release|Any CPU.Build.0 = Release|Any CPU
		{CA146D5C-3B07-40F4-B754-C8E727B1709F}.Debug|Any CPU.ActiveCfg = Debug|Any CPU
		{CA146D5C-3B07-40F4-B754-C8E727B1709F}.Debug|Any CPU.Build.0 = Debug|Any CPU
		{CA146D5C-3B07-40F4-B754-C8E727B1709F}.Release|Any CPU.ActiveCfg = Release|Any CPU
		{CA146D5C-3B07-40F4-B754-C8E727B1709F}.Release|Any CPU.Build.0 = Release|Any CPU
		{E6991F0F-F559-4E25-A7D7-08C704EFF248}.Debug|Any CPU.ActiveCfg = Debug|Any CPU
		{E6991F0F-F559-4E25-A7D7-08C704EFF248}.Debug|Any CPU.Build.0 = Debug|Any CPU
		{E6991F0F-F559-4E25-A7D7-08C704EFF248}.Release|Any CPU.ActiveCfg = Release|Any CPU
		{E6991F0F-F559-4E25-A7D7-08C704EFF248}.Release|Any CPU.Build.0 = Release|Any CPU
		{8145B981-4CC6-440B-8695-78A673CBC345}.Debug|Any CPU.ActiveCfg = Debug|Any CPU
		{8145B981-4CC6-440B-8695-78A673CBC345}.Debug|Any CPU.Build.0 = Debug|Any CPU
		{8145B981-4CC6-440B-8695-78A673CBC345}.Release|Any CPU.ActiveCfg = Release|Any CPU
		{8145B981-4CC6-440B-8695-78A673CBC345}.Release|Any CPU.Build.0 = Release|Any CPU
		{54B170C8-1755-42E5-8C47-FC40940136CF}.Debug|Any CPU.ActiveCfg = Debug|Any CPU
		{54B170C8-1755-42E5-8C47-FC40940136CF}.Debug|Any CPU.Build.0 = Debug|Any CPU
		{54B170C8-1755-42E5-8C47-FC40940136CF}.Release|Any CPU.ActiveCfg = Release|Any CPU
		{54B170C8-1755-42E5-8C47-FC40940136CF}.Release|Any CPU.Build.0 = Release|Any CPU
		{828E48F4-F164-4787-A3E3-C3C154FB0269}.Debug|Any CPU.ActiveCfg = Debug|Any CPU
		{828E48F4-F164-4787-A3E3-C3C154FB0269}.Debug|Any CPU.Build.0 = Debug|Any CPU
		{828E48F4-F164-4787-A3E3-C3C154FB0269}.Release|Any CPU.ActiveCfg = Release|Any CPU
		{828E48F4-F164-4787-A3E3-C3C154FB0269}.Release|Any CPU.Build.0 = Release|Any CPU
		{16416300-FFFC-435E-978C-0B2675736D6A}.Debug|Any CPU.ActiveCfg = Debug|Any CPU
		{16416300-FFFC-435E-978C-0B2675736D6A}.Debug|Any CPU.Build.0 = Debug|Any CPU
		{16416300-FFFC-435E-978C-0B2675736D6A}.Release|Any CPU.ActiveCfg = Release|Any CPU
		{16416300-FFFC-435E-978C-0B2675736D6A}.Release|Any CPU.Build.0 = Release|Any CPU
	EndGlobalSection
	GlobalSection(NestedProjects) = preSolution
		{313357CA-068E-4568-B2A7-AF7D0C7D423A} = {1189DBBF-08FE-44B9-A34B-CAE9ED74D449}
		{CA146D5C-3B07-40F4-B754-C8E727B1709F} = {D167524E-60DB-4000-8F17-0101D4FE667B}
		{E6991F0F-F559-4E25-A7D7-08C704EFF248} = {D167524E-60DB-4000-8F17-0101D4FE667B}
		{8145B981-4CC6-440B-8695-78A673CBC345} = {D167524E-60DB-4000-8F17-0101D4FE667B}
		{54B170C8-1755-42E5-8C47-FC40940136CF} = {D167524E-60DB-4000-8F17-0101D4FE667B}
		{828E48F4-F164-4787-A3E3-C3C154FB0269} = {1189DBBF-08FE-44B9-A34B-CAE9ED74D449}
		{16416300-FFFC-435E-978C-0B2675736D6A} = {1189DBBF-08FE-44B9-A34B-CAE9ED74D449}
	EndGlobalSection
EndGlobal
